<?xml version="1.0" encoding="utf-8"?>
<Project ToolsVersion="4.0" xmlns="http://schemas.microsoft.com/developer/msbuild/2003">
  <ItemGroup>
    <Filter Include="Source Files">
      <UniqueIdentifier>{4FC737F1-C7A5-4376-A066-2A32D752A2FF}</UniqueIdentifier>
      <Extensions>cpp;c;cc;cxx;def;odl;idl;hpj;bat;asm;asmx</Extensions>
    </Filter>
    <Filter Include="Header Files">
      <UniqueIdentifier>{93995380-89BD-4b04-88EB-625FBE52EBFB}</UniqueIdentifier>
      <Extensions>h;hh;hpp;hxx;hm;inl;inc;xsd</Extensions>
    </Filter>
    <Filter Include="Resource Files">
      <UniqueIdentifier>{67DA6AB6-F800-4c08-8B7A-83BB121AAD01}</UniqueIdentifier>
      <Extensions>rc;ico;cur;bmp;dlg;rc2;rct;bin;rgs;gif;jpg;jpeg;jpe;resx;tiff;tif;png;wav;mfcribbon-ms</Extensions>
    </Filter>
    <Filter Include="Source Files\palette">
      <UniqueIdentifier>{6fa9bc6f-acc2-4d2b-9e14-1bfe6b77134a}</UniqueIdentifier>
    </Filter>
    <Filter Include="Header Files\palette">
      <UniqueIdentifier>{36a77cfe-1f80-40a0-9268-011f4c421c80}</UniqueIdentifier>
    </Filter>
    <Filter Include="Source Files\host">
      <UniqueIdentifier>{7f2c5b3a-d8e1-4f5c-9a3e-1a6f8b9d2c14}</UniqueIdentifier>
    </Filter>
    <Filter Include="Header Files\host">
      <UniqueIdentifier>{8e3d6c4b-e9f2-5a6d-0b4f-2b7090aece25}</UniqueIdentifier>
    </Filter>
    <Filter Include="Source Files\common">
      <UniqueIdentifier>{3f4bb2e7-2fe2-596a-7cec-de375e62ad68}</UniqueIdentifier>
    </Filter>
    <Filter Include="Header Files\common">
      <UniqueIdentifier>{07ba7dc6-786d-04e7-223c-03ec827e5ecc}</UniqueIdentifier>
    </Filter>
    <Filter Include="Source Files\effect">
      <UniqueIdentifier>{978b7be3-06ef-3380-5b3e-739881d03f45}</UniqueIdentifier>
    </Filter>
    <Filter Include="Header Files\effect">
      <UniqueIdentifier>{571d019c-4c7e-a787-d813-2a5a58ff8054}</UniqueIdentifier>
    </Filter>
    <Filter Include="Source Files\gamedata">
      <UniqueIdentifier>{591e054b-69cd-70c0-2263-3e9b4ecaa415}</UniqueIdentifier>
    </Filter>
    <Filter Include="Header Files\gamedata">
      <UniqueIdentifier>{7be018ff-652a-27ac-a9d5-b7d4833face8}</UniqueIdentifier>
    </Filter>
    <Filter Include="Source Files\simulation">
      <UniqueIdentifier>{d1fc8c28-1675-8864-cf3e-6f9a0e4854d3}</UniqueIdentifier>
    </Filter>
    <Filter Include="Header Files\simulation">
      <UniqueIdentifier>{89e09601-b76d-b16d-b188-d69e411f3db8}</UniqueIdentifier>
    </Filter>
    <Filter Include="Source Files\rendering">
      <UniqueIdentifier>{249f5749-6cb4-7dd3-dab4-1cf99aa89f05}</UniqueIdentifier>
    </Filter>
    <Filter Include="Header Files\rendering">
      <UniqueIdentifier>{79d313f2-d31f-be2f-6e0a-faf2969d186f}</UniqueIdentifier>
    </Filter>
  </ItemGroup>
  <ItemGroup>
    <ClInclude Include="effect\ChunkFile.h">
      <Filter>Header Files\effect</Filter>
    </ClInclude>
    <ClInclude Include="common\crc32.h">
      <Filter>Header Files\common</Filter>
    </ClInclude>
    <ClInclude Include="gamedata\Effect.h">
      <Filter>Header Files\gamedata</Filter>
    </ClInclude>
    <ClInclude Include="simulation\EmitterInstance.h">
      <Filter>Header Files\simulation</Filter>
    </ClInclude>
    <ClInclude Include="rendering\engine.h">
      <Filter>Header Files\rendering</Filter>
    </ClInclude>
    <ClInclude Include="rendering\engine_internal.h">
      <Filter>Header Files\rendering</Filter>
    </ClInclude>
    <ClInclude Include="common\exceptions.h">
      <Filter>Header Files\common</Filter>
    </ClInclude>
    <ClInclude Include="common\files.h">
      <Filter>Header Files\common</Filter>
    </ClInclude>
    <ClInclude Include="effect\LinkGroup.h">
      <Filter>Header Files\effect</Filter>
    </ClInclude>
    <ClInclude Include="gamedata\managers.h">
      <Filter>Header Files\gamedata</Filter>
    </ClInclude>
    <ClInclude Include="gamedata\MegaFiles.h">
      <Filter>Header Files\gamedata</Filter>
    </ClInclude>
    <ClInclude Include="simulation\MouseCursor.h">
      <Filter>Header Files\simulation</Filter>
    </ClInclude>
    <ClInclude Include="effect\ParticleSystem.h">
      <Filter>Header Files\effect</Filter>
    </ClInclude>
    <ClInclude Include="simulation\ParticleSystemInstance.h">
      <Filter>Header Files\simulation</Filter>
    </ClInclude>
    <ClInclude Include="effect\Rescale.h">
      <Filter>Header Files\effect</Filter>
    </ClInclude>
    <ClInclude Include="simulation\SpawnerDriver.h">
      <Filter>Header Files\simulation</Filter>
    </ClInclude>
    <ClInclude Include="simulation\SpawnerPath.h">
      <Filter>Header Files\simulation</Filter>
    </ClInclude>
    <ClInclude Include="effect\Autosave.h">
      <Filter>Header Files\effect</Filter>
    </ClInclude>
    <ClInclude Include="effect\AtomicSave.h">
      <Filter>Header Files\effect</Filter>
    </ClInclude>
    <ClInclude Include="effect\UndoStack.h">
      <Filter>Header Files\effect</Filter>
    </ClInclude>
    <ClInclude Include="rendering\SphericalHarmonics.h">
      <Filter>Header Files\rendering</Filter>
    </ClInclude>
    <ClInclude Include="common\types.h">
      <Filter>Header Files\common</Filter>
    </ClInclude>
    <ClInclude Include="common\utils.h">
      <Filter>Header Files\common</Filter>
    </ClInclude>
    <ClInclude Include="rendering\InstanceBorrow.h">
      <Filter>Header Files\rendering</Filter>
    </ClInclude>
    <ClInclude Include="gamedata\xml.h">
      <Filter>Header Files\gamedata</Filter>
    </ClInclude>
    <ClInclude Include="host\AcceleratorBridge.h">
      <Filter>Header Files\host</Filter>
    </ClInclude>
    <ClInclude Include="host\BridgeDispatcher.h">
      <Filter>Header Files\host</Filter>
    </ClInclude>
    <ClInclude Include="host\BridgeDispatchShared.h">
      <Filter>Header Files\host</Filter>
    </ClInclude>
    <ClInclude Include="host\BridgeRequestContext.h">
      <Filter>Header Files\host</Filter>
    </ClInclude>
    <ClInclude Include="host\BridgeWire.h">
      <Filter>Header Files\host</Filter>
    </ClInclude>
    <ClInclude Include="host\CameraParams.h">
      <Filter>Header Files\host</Filter>
    </ClInclude>
    <ClInclude Include="host\LightingSettings.h">
      <Filter>Header Files\host</Filter>
    </ClInclude>
    <ClInclude Include="host\RestoredSettings.h">
      <Filter>Header Files\host</Filter>
    </ClInclude>
    <ClInclude Include="host\SettingsRegistry.h">
      <Filter>Header Files\host</Filter>
    </ClInclude>
    <ClInclude Include="host\CaptureGoldenProfile.h">
      <Filter>Header Files\host</Filter>
    </ClInclude>
    <ClInclude Include="host\CaptureRunner.h">
      <Filter>Header Files\host</Filter>
    </ClInclude>
    <ClInclude Include="host\CaptureTicker.h">
      <Filter>Header Files\host</Filter>
    </ClInclude>
    <ClInclude Include="host\HostRunUtil.h">
      <Filter>Header Files\host</Filter>
    </ClInclude>
    <ClInclude Include="host\HostBridgeProxy.h">
      <Filter>Header Files\host</Filter>
    </ClInclude>
    <ClInclude Include="host\HostLaunchOptions.h">
      <Filter>Header Files\host</Filter>
    </ClInclude>
    <ClInclude Include="host\HostWindow.h">
      <Filter>Header Files\host</Filter>
    </ClInclude>
    <ClInclude Include="host\HostWindowImpl.h">
      <Filter>Header Files\host</Filter>
    </ClInclude>
    <ClInclude Include="host\WicEncode.h">
      <Filter>Header Files\host</Filter>
    </ClInclude>
    <ClInclude Include="host\WindowCapture.h">
      <Filter>Header Files\host</Filter>
    </ClInclude>
    <ClInclude Include="host\LayoutBroker.h">
      <Filter>Header Files\host</Filter>
    </ClInclude>
    <ClInclude Include="host\Run.h">
      <Filter>Header Files\host</Filter>
    </ClInclude>
    <ClInclude Include="host\third_party\nlohmann\json.hpp">
      <Filter>Header Files\host</Filter>
    </ClInclude>
    <ClInclude Include="Resources\resource.h">
      <Filter>Resource Files</Filter>
    </ClInclude>
    <ClInclude Include="palette\TexturePalette.h">
      <Filter>Header Files\palette</Filter>
    </ClInclude>
    <ClInclude Include="gamedata\AloModel.h">
      <Filter>Header Files\gamedata</Filter>
    </ClInclude>
    <ClInclude Include="gamedata\GameObjectCatalog.h">
      <Filter>Header Files\gamedata</Filter>
    </ClInclude>
    <ClInclude Include="rendering\ReferenceObjectMesh.h">
      <Filter>Header Files\rendering</Filter>
    </ClInclude>
    <ClInclude Include="rendering\SkydomeEnvironment.h">
      <Filter>Header Files\rendering</Filter>
    </ClInclude>
    <ClInclude Include="rendering\SkydomeMesh.h">
      <Filter>Header Files\rendering</Filter>
    </ClInclude>
    <ClInclude Include="gamedata\AssetPathSafety.h">
      <Filter>Header Files\gamedata</Filter>
    </ClInclude>
    <ClInclude Include="simulation\BounceCatchUp.h">
      <Filter>Header Files\simulation</Filter>
    </ClInclude>
    <ClInclude Include="effect\CloseDecision.h">
      <Filter>Header Files\effect</Filter>
    </ClInclude>
    <ClInclude Include="rendering\DeferredParticleSystemChange.h">
      <Filter>Header Files\rendering</Filter>
    </ClInclude>
    <ClInclude Include="rendering\DeviceRecovery.h">
      <Filter>Header Files\rendering</Filter>
    </ClInclude>
    <ClInclude Include="rendering\DeviceState.h">
      <Filter>Header Files\rendering</Filter>
    </ClInclude>
    <ClInclude Include="simulation\EmitterDrawOrder.h">
      <Filter>Header Files\simulation</Filter>
    </ClInclude>
    <ClInclude Include="effect\EmitterNaming.h">
      <Filter>Header Files\effect</Filter>
    </ClInclude>
    <ClInclude Include="rendering\GizmoRibbon.h">
      <Filter>Header Files\rendering</Filter>
    </ClInclude>
    <ClInclude Include="rendering\GizmoSizing.h">
      <Filter>Header Files\rendering</Filter>
    </ClInclude>
    <ClInclude Include="rendering\ManipReadout.h">
      <Filter>Header Files\rendering</Filter>
    </ClInclude>
    <ClInclude Include="gamedata\GameRoots.h">
      <Filter>Header Files\gamedata</Filter>
    </ClInclude>
    <ClInclude Include="gamedata\ModLayers.h">
      <Filter>Header Files\gamedata</Filter>
    </ClInclude>
    <ClInclude Include="gamedata\ModManager.h">
      <Filter>Header Files\gamedata</Filter>
    </ClInclude>
    <ClInclude Include="gamedata\ModScan.h">
      <Filter>Header Files\gamedata</Filter>
    </ClInclude>
    <ClInclude Include="rendering\MuzzleFlashFilter.h">
      <Filter>Header Files\rendering</Filter>
    </ClInclude>
    <ClInclude Include="simulation\ParticleCompaction.h">
      <Filter>Header Files\simulation</Filter>
    </ClInclude>
    <ClInclude Include="rendering\ParticleMipFilter.h">
      <Filter>Header Files\rendering</Filter>
    </ClInclude>
    <ClInclude Include="effect\ParticleSystemIO.h">
      <Filter>Header Files\effect</Filter>
    </ClInclude>
    <ClInclude Include="rendering\PlaneHandle.h">
      <Filter>Header Files\rendering</Filter>
    </ClInclude>
    <ClInclude Include="rendering\RefLock.h">
      <Filter>Header Files\rendering</Filter>
    </ClInclude>
    <ClInclude Include="effect\RefTransformUndoKey.h">
      <Filter>Header Files\effect</Filter>
    </ClInclude>
    <ClInclude Include="rendering\ReferenceObjectWorld.h">
      <Filter>Header Files\rendering</Filter>
    </ClInclude>
    <ClInclude Include="rendering\ReferenceTransformMemory.h">
      <Filter>Header Files\rendering</Filter>
    </ClInclude>
    <ClInclude Include="common\ResourceLimits.h">
      <Filter>Header Files\common</Filter>
    </ClInclude>
    <ClInclude Include="rendering\RingFade.h">
      <Filter>Header Files\rendering</Filter>
    </ClInclude>
    <ClInclude Include="rendering\SceneOverscan.h">
      <Filter>Header Files\rendering</Filter>
    </ClInclude>
    <ClInclude Include="rendering\SelectionBoxStyle.h">
      <Filter>Header Files\rendering</Filter>
    </ClInclude>
    <ClInclude Include="simulation\SpawnSchedule.h">
      <Filter>Header Files\simulation</Filter>
    </ClInclude>
    <ClInclude Include="rendering\UnitConstants.h">
      <Filter>Header Files\rendering</Filter>
    </ClInclude>
    <ClInclude Include="version.h">
      <Filter>Header Files</Filter>
    </ClInclude>
    <ClInclude Include="host\AlphaCompositor.h">
      <Filter>Header Files\host</Filter>
    </ClInclude>
    <ClInclude Include="host\DriveScript.h">
      <Filter>Header Files\host</Filter>
    </ClInclude>
    <ClInclude Include="host\DriveRunner.h">
      <Filter>Header Files\host</Filter>
    </ClInclude>
    <ClInclude Include="host\ClipTimeline.h">
      <Filter>Header Files\host</Filter>
    </ClInclude>
    <ClInclude Include="host\ClipRunner.h">
      <Filter>Header Files\host</Filter>
    </ClInclude>
    <ClInclude Include="host\Compositor.h">
      <Filter>Header Files\host</Filter>
    </ClInclude>
    <ClInclude Include="host\InputDispatcher.h">
      <Filter>Header Files\host</Filter>
    </ClInclude>
    <ClInclude Include="host\StringConv.h">
      <Filter>Header Files\host</Filter>
    </ClInclude>
    <ClInclude Include="host\GdiplusEncode.h">
      <Filter>Header Files\host</Filter>
    </ClInclude>
    <ClInclude Include="host\AsyncFrameEncoder.h">
      <Filter>Header Files\host</Filter>
    </ClInclude>
    <ClInclude Include="host\ClipPathTokens.h">
      <Filter>Header Files\host</Filter>
    </ClInclude>
    <ClInclude Include="host\CompositionStartupPolicy.h">
      <Filter>Header Files\host</Filter>
    </ClInclude>
    <ClInclude Include="host\ExternalLinks.h">
      <Filter>Header Files\host</Filter>
    </ClInclude>
    <ClInclude Include="host\ViewportUnavailablePolicy.h">
      <Filter>Header Files\host</Filter>
    </ClInclude>
    <ClInclude Include="host\HostMessages.h">
      <Filter>Header Files\host</Filter>
    </ClInclude>
    <ClInclude Include="host\ModulePath.h">
      <Filter>Header Files\host</Filter>
    </ClInclude>
    <ClInclude Include="host\PerfTrace.h">
      <Filter>Header Files\host</Filter>
    </ClInclude>
    <ClInclude Include="host\PreviewEncodeWorker.h">
      <Filter>Header Files\host</Filter>
    </ClInclude>
    <ClInclude Include="host\RecordOutputSafety.h">
      <Filter>Header Files\host</Filter>
    </ClInclude>
    <ClInclude Include="host\RecordTrace.h">
      <Filter>Header Files\host</Filter>
    </ClInclude>
    <ClInclude Include="host\SavePathConfine.h">
      <Filter>Header Files\host</Filter>
    </ClInclude>
    <ClInclude Include="host\StartupCallbackAdapter.h">
      <Filter>Header Files\host</Filter>
    </ClInclude>
    <ClInclude Include="host\StartupCallbackGuard.h">
      <Filter>Header Files\host</Filter>
    </ClInclude>
    <ClInclude Include="host\WebMessageIngressPolicy.h">
      <Filter>Header Files\host</Filter>
    </ClInclude>
    <ClInclude Include="host\WebViewCrashPolicy.h">
      <Filter>Header Files\host</Filter>
    </ClInclude>
    <ClInclude Include="host\WebViewModalPolicy.h">
      <Filter>Header Files\host</Filter>
    </ClInclude>
    <ClInclude Include="host\WebViewOriginPolicy.h">
      <Filter>Header Files\host</Filter>
    </ClInclude>
  </ItemGroup>
  <ItemGroup>
    <ClCompile Include="effect\ChunkReader.cpp">
      <Filter>Source Files\effect</Filter>
    </ClCompile>
    <ClCompile Include="effect\ChunkWriter.cpp">
      <Filter>Source Files\effect</Filter>
    </ClCompile>
    <ClCompile Include="common\crc32.cpp">
      <Filter>Source Files\common</Filter>
    </ClCompile>
    <ClCompile Include="gamedata\Effect.cpp">
      <Filter>Source Files\gamedata</Filter>
    </ClCompile>
    <ClCompile Include="simulation\EmitterInstance.cpp">
      <Filter>Source Files\simulation</Filter>
    </ClCompile>
    <ClCompile Include="rendering\engine.cpp">
      <Filter>Source Files\rendering</Filter>
    </ClCompile>
    <ClCompile Include="rendering\engine_device.cpp">
      <Filter>Source Files\rendering</Filter>
    </ClCompile>
    <ClCompile Include="rendering\engine_environment.cpp">
      <Filter>Source Files\rendering</Filter>
    </ClCompile>
    <ClCompile Include="rendering\engine_reference.cpp">
      <Filter>Source Files\rendering</Filter>
    </ClCompile>
    <ClCompile Include="rendering\engine_shadows.cpp">
      <Filter>Source Files\rendering</Filter>
    </ClCompile>
    <ClCompile Include="rendering\engine_gizmo.cpp">
      <Filter>Source Files\rendering</Filter>
    </ClCompile>
    <ClCompile Include="rendering\engine_render.cpp">
      <Filter>Source Files\rendering</Filter>
    </ClCompile>
    <ClCompile Include="common\files.cpp">
      <Filter>Source Files\common</Filter>
    </ClCompile>
    <ClCompile Include="effect\LinkGroup.cpp">
      <Filter>Source Files\effect</Filter>
    </ClCompile>
    <ClCompile Include="main.cpp">
      <Filter>Source Files</Filter>
    </ClCompile>
    <ClCompile Include="gamedata\managers.cpp">
      <Filter>Source Files\gamedata</Filter>
    </ClCompile>
    <ClCompile Include="gamedata\MegaFiles.cpp">
      <Filter>Source Files\gamedata</Filter>
    </ClCompile>
    <ClCompile Include="simulation\SpawnerDriver.cpp">
      <Filter>Source Files\simulation</Filter>
    </ClCompile>
    <ClCompile Include="effect\Autosave.cpp">
      <Filter>Source Files\effect</Filter>
    </ClCompile>
    <ClCompile Include="effect\AtomicSave.cpp">
      <Filter>Source Files\effect</Filter>
    </ClCompile>
    <ClCompile Include="effect\UndoStack.cpp">
      <Filter>Source Files\effect</Filter>
    </ClCompile>
    <ClCompile Include="effect\ParticleSystem.cpp">
      <Filter>Source Files\effect</Filter>
    </ClCompile>
    <ClCompile Include="effect\ParticleSystemSerialization.cpp">
      <Filter>Source Files\effect</Filter>
    </ClCompile>
    <ClCompile Include="effect\ParticleSystemIO.cpp">
      <Filter>Source Files\effect</Filter>
    </ClCompile>
    <ClCompile Include="simulation\ParticleSystemInstance.cpp">
      <Filter>Source Files\simulation</Filter>
    </ClCompile>
    <ClCompile Include="effect\Rescale.cpp">
      <Filter>Source Files\effect</Filter>
    </ClCompile>
    <ClCompile Include="rendering\SphericalHarmonics.cpp">
      <Filter>Source Files\rendering</Filter>
    </ClCompile>
    <ClCompile Include="common\utils.cpp">
      <Filter>Source Files\common</Filter>
    </ClCompile>
    <ClCompile Include="gamedata\xml.cpp">
      <Filter>Source Files\gamedata</Filter>
    </ClCompile>
    <ClCompile Include="host\AcceleratorBridge.cpp">
      <Filter>Source Files\host</Filter>
    </ClCompile>
    <ClCompile Include="host\BridgeDispatcher.cpp">
      <Filter>Source Files\host</Filter>
    </ClCompile>
    <ClCompile Include="host\RecentFiles.cpp">
      <Filter>Source Files\host</Filter>
    </ClCompile>
    <ClCompile Include="host\BridgeDispatch_Assets.cpp">
      <Filter>Source Files\host</Filter>
    </ClCompile>
    <ClCompile Include="host\BridgeDispatch_EmitterClipboard.cpp">
      <Filter>Source Files\host</Filter>
    </ClCompile>
    <ClCompile Include="host\BridgeDispatch_EmitterProperties.cpp">
      <Filter>Source Files\host</Filter>
    </ClCompile>
    <ClCompile Include="host\BridgeDispatch_EmitterTracks.cpp">
      <Filter>Source Files\host</Filter>
    </ClCompile>
    <ClCompile Include="host\BridgeDispatch_Emitters.cpp">
      <Filter>Source Files\host</Filter>
    </ClCompile>
    <ClCompile Include="host\BridgeDispatch_Engine.cpp">
      <Filter>Source Files\host</Filter>
    </ClCompile>
    <ClCompile Include="host\BridgeDispatch_File.cpp">
      <Filter>Source Files\host</Filter>
    </ClCompile>
    <ClCompile Include="host\BridgeDispatch_LinkGroups.cpp">
      <Filter>Source Files\host</Filter>
    </ClCompile>
    <ClCompile Include="host\BridgeDispatch_Shell.cpp">
      <Filter>Source Files\host</Filter>
    </ClCompile>
    <ClCompile Include="host\BridgeDispatch_SpawnerLighting.cpp">
      <Filter>Source Files\host</Filter>
    </ClCompile>
    <ClCompile Include="host\RestoredSettings.cpp">
      <Filter>Source Files\host</Filter>
    </ClCompile>
    <ClCompile Include="host\HostBridgeProxy.cpp">
      <Filter>Source Files\host</Filter>
    </ClCompile>
    <ClCompile Include="host\StartupCallbackAdapter.cpp">
      <Filter>Source Files\host</Filter>
    </ClCompile>
    <ClCompile Include="host\HostWindow.cpp">
      <Filter>Source Files\host</Filter>
    </ClCompile>
    <ClCompile Include="host\HostWindow_WebView2.cpp">
      <Filter>Source Files\host</Filter>
    </ClCompile>
    <ClCompile Include="host\HostWindow_Viewport.cpp">
      <Filter>Source Files\host</Filter>
    </ClCompile>
    <ClCompile Include="host\HostWindow_Record.cpp">
      <Filter>Source Files\host</Filter>
    </ClCompile>
    <ClCompile Include="host\WindowCapture.cpp">
      <Filter>Source Files\host</Filter>
    </ClCompile>
    <ClCompile Include="host\LayoutBroker.cpp">
      <Filter>Source Files\host</Filter>
    </ClCompile>
    <ClCompile Include="host\CaptureRunner.cpp">
      <Filter>Source Files\host</Filter>
    </ClCompile>
    <ClCompile Include="host\CaptureTicker.cpp">
      <Filter>Source Files\host</Filter>
    </ClCompile>
    <ClCompile Include="host\WicEncode.cpp">
      <Filter>Source Files\host</Filter>
    </ClCompile>
    <ClCompile Include="host\PerfTrace.cpp">
      <Filter>Source Files\host</Filter>
    </ClCompile>
    <ClCompile Include="palette\PaletteStore.cpp">
      <Filter>Source Files\palette</Filter>
    </ClCompile>
    <ClCompile Include="palette\PaletteThumbs.cpp">
      <Filter>Source Files\palette</Filter>
    </ClCompile>
    <ClCompile Include="gamedata\AloModel.cpp">
      <Filter>Source Files\gamedata</Filter>
    </ClCompile>
    <ClCompile Include="gamedata\ModManager.cpp">
      <Filter>Source Files\gamedata</Filter>
    </ClCompile>
    <ClCompile Include="gamedata\GameObjectCatalog.cpp">
      <Filter>Source Files\gamedata</Filter>
    </ClCompile>
    <ClCompile Include="rendering\ReferenceObjectMesh.cpp">
      <Filter>Source Files\rendering</Filter>
    </ClCompile>
    <ClCompile Include="rendering\SkydomeEnvironment.cpp">
      <Filter>Source Files\rendering</Filter>
    </ClCompile>
    <ClCompile Include="rendering\SkydomeMesh.cpp">
      <Filter>Source Files\rendering</Filter>
    </ClCompile>
    <ClCompile Include="host\AlphaCompositor.cpp">
      <Filter>Source Files\host</Filter>
    </ClCompile>
    <ClCompile Include="host\DriveRunner.cpp">
      <Filter>Source Files\host</Filter>
    </ClCompile>
    <ClCompile Include="host\ClipRunner.cpp">
      <Filter>Source Files\host</Filter>
    </ClCompile>
    <ClCompile Include="host\Compositor.cpp">
      <Filter>Source Files\host</Filter>
    </ClCompile>
    <ClCompile Include="host\InputDispatcher.cpp">
      <Filter>Source Files\host</Filter>
    </ClCompile>
  </ItemGroup>
  <ItemGroup>
    <ResourceCompile Include="ParticleEditor.rc">
      <Filter>Resource Files</Filter>
    </ResourceCompile>
  </ItemGroup>
  <ItemGroup>
    <Image Include="Resources\dirt.bmp">
      <Filter>Resource Files</Filter>
    </Image>
    <Image Include="Resources\logo.ico">
      <Filter>Resource Files</Filter>
    </Image>
    <Image Include="Resources\missing.bmp">
      <Filter>Resource Files</Filter>
    </Image>
  </ItemGroup>
  <ItemGroup>
    <FxCompile Include="Resources\DefaultShader.fx">
      <Filter>Resource Files</Filter>
    </FxCompile>
    <FxCompile Include="Resources\SceneHeat.fx">
      <Filter>Resource Files</Filter>
    </FxCompile>
  </ItemGroup>
  <ItemGroup>
    <None Include="packages.config" />
  </ItemGroup>
</Project>
